<?xml version="1.0" encoding="UTF-8" standalone="yes" ?>
<CodeBlocks_project_file>
	<FileVersion major="1" minor="6" />
	<Project>
		<Option title="sdl-2" />
		<Option pch_mode="2" />
		<Option compiler="gnu_gcc_64b_compiler" />
		<Build>
			<Target title="Debug">
				<Option output="sdl-2-d" prefix_auto="1" extension_auto="1" />
				<Option object_output="obj/Debug/" />
				<Option type="1" />
				<Option compiler="gnu_gcc_64b_compiler" />
				<Compiler>
					<Add option="-g" />
					<Add option="-DGLEW_STATIC" />
				</Compiler>
				<Linker>
					<Add library="opengl32" />
					<Add library="SDL2_image" />
					<Add library="assimp" />
				</Linker>
			</Target>
			<Target title="Release">
				<Option output="sdl-2" prefix_auto="1" extension_auto="1" />
				<Option object_output="obj/Release/" />
				<Option type="1" />
				<Option compiler="gnu_gcc_64b_compiler" />
				<Compiler>
					<Add option="-O2" />
					<Add option="-DGLEW_STATIC" />
				</Compiler>
				<Linker>
					<Add option="-s" />
					<Add library="opengl32" />
					<Add library="SDL2_image" />
					<Add library="assimp" />
				</Linker>
			</Target>
		</Build>
		<Compiler>
			<Add option="-Wall" />
			<Add directory="$(#sdl2.include)/SDL2" />
			<Add directory="$(#sdl2.include)" />
		</Compiler>
		<Linker>
			<Add library="mingw32" />
			<Add library="SDL2main" />
			<Add library="SDL2.dll" />
			<Add directory="$(#sdl2.lib)" />
		</Linker>
		<Unit filename="AssimpLoad.cpp" />
		<Unit filename="AssimpLoad.h" />
		<Unit filename="Camera.cpp" />
		<Unit filename="Camera.h" />
		<Unit filename="DebugGL.cpp" />
		<Unit filename="DebugGL.h" />
		<Unit filename="Error.cpp" />
		<Unit filename="Error.h" />
		<Unit filename="FrameBuffer.cpp" />
		<Unit filename="FrameBuffer.h" />
		<Unit filename="Game.cpp" />
		<Unit filename="Game.h" />
		<Unit filename="Graphics.cpp" />
		<Unit filename="Graphics.h" />
		<Unit filename="Input.cpp" />
		<Unit filename="Input.h" />
		<Unit filename="MD2Loader.cpp" />
		<Unit filename="MD2Loader.h" />
		<Unit filename="Object.cpp" />
		<Unit filename="Object.h" />
		<Unit filename="Scene.cpp" />
		<Unit filename="Scene.h" />
		<Unit filename="Shader.cpp" />
		<Unit filename="Shader.h" />
		<Unit filename="Texture.cpp" />
		<Unit filename="Texture.h" />
		<Unit filename="Window.cpp" />
		<Unit filename="Window.h" />
		<Unit filename="glew.c">
			<Option compilerVar="CC" />
		</Unit>
		<Unit filename="main.cpp" />
		<Extensions>
			<code_completion />
			<envvars />
			<debugger />
			<lib_finder disable_auto="1" />
		</Extensions>
	</Project>
</CodeBlocks_project_file>
